
Microsoft Visual Studio Solution File, Format Version 12.00
# Visual Studio Version 17
VisualStudioVersion = 17.8.34525.116
MinimumVisualStudioVersion = 10.0.40219.1
Project("{2150E333-8FDC-42A3-9474-1A3956D46DE8}") = "Элементы решения", "Элементы решения", "{FAEE9986-7397-4968-91EF-528B1EF96638}"
	ProjectSection(SolutionItems) = preProject
		README.md = README.md
	EndProjectSection
EndProject
Project("{2150E333-8FDC-42A3-9474-1A3956D46DE8}") = "Users", "Users", "{267E3341-7F75-4349-8A4B-BDF7010C3E4A}"
EndProject
Project("{2150E333-8FDC-42A3-9474-1A3956D46DE8}") = "Posts", "Posts", "{8FC79C3F-A343-46EB-BE78-D3F46910BAAB}"
EndProject
Project("{2150E333-8FDC-42A3-9474-1A3956D46DE8}") = "Chats", "Chats", "{D529CE27-DF41-4CF7-BAB9-714C84C60A10}"
EndProject
Project("{2150E333-8FDC-42A3-9474-1A3956D46DE8}") = "Notifications", "Notifications", "{5EE36B88-A016-474B-A543-EBD4CA942463}"
EndProject
Project("{2150E333-8FDC-42A3-9474-1A3956D46DE8}") = "Subscriptions", "Subscriptions", "{0A323412-6B77-4DBE-B581-ABE834A4B737}"
EndProject
Project("{2150E333-8FDC-42A3-9474-1A3956D46DE8}") = "Reports", "Reports", "{3596977D-C21B-470A-9424-F3CF9070242A}"
EndProject
Project("{2150E333-8FDC-42A3-9474-1A3956D46DE8}") = "IdentityServer", "IdentityServer", "{7D3F0D7F-5569-4077-A3E2-5A1EE1904AB1}"
EndProject
Project("{9A19103F-16F7-4668-BE54-9A1E7A4F7556}") = "Users.Domain", "src\Users\Users.Domain\Users.Domain.csproj", "{16CE6A79-BD4C-440F-AC9D-57168931C248}"
EndProject
Project("{9A19103F-16F7-4668-BE54-9A1E7A4F7556}") = "Subscriptions.Domain", "src\Subscriptions\Subscriptions.Domain\Subscriptions.Domain.csproj", "{7E370FA3-C7F1-429D-8FCB-F104F57E67DC}"
EndProject
Project("{9A19103F-16F7-4668-BE54-9A1E7A4F7556}") = "Posts.Domain", "src\Posts\Posts.Domain\Posts.Domain.csproj", "{A9C5E906-625D-457F-9C82-AA2061E67719}"
EndProject
Project("{9A19103F-16F7-4668-BE54-9A1E7A4F7556}") = "Chats.Domain", "src\Chats\Chats.Domain\Chats.Domain.csproj", "{637FB1F1-855C-437A-84ED-BCDFF8BB1AAE}"
EndProject
Project("{9A19103F-16F7-4668-BE54-9A1E7A4F7556}") = "Reports.Domain", "src\Reports\Reports.Domain\Reports.Domain.csproj", "{5A4B952A-D169-459A-BDC8-CAAD17CE5158}"
EndProject
Project("{9A19103F-16F7-4668-BE54-9A1E7A4F7556}") = "Notifications.Domain", "src\Notifications\Notifications.Domain\Notifications.Domain.csproj", "{2FF1F159-FBEE-42C8-B637-D9FFE0C8FCD2}"
EndProject
Project("{9A19103F-16F7-4668-BE54-9A1E7A4F7556}") = "Chats.Infrastructure.Data", "src\Chats\Chats.Infrastructure.Data\Chats.Infrastructure.Data.csproj", "{F33B545E-078E-4C0F-86C8-862CF4B92E40}"
EndProject
Project("{9A19103F-16F7-4668-BE54-9A1E7A4F7556}") = "Notifications.Infrastructure.Data", "src\Notifications\Notifications.Infrastructure.Data\Notifications.Infrastructure.Data.csproj", "{DD75C34E-C64C-4C46-9566-3E2964945D9B}"
EndProject
Project("{9A19103F-16F7-4668-BE54-9A1E7A4F7556}") = "Posts.Infrastructure.Data", "src\Posts\Posts.Infrastructure.Data\Posts.Infrastructure.Data.csproj", "{8DEFADDB-A27B-4565-8750-66C62FF943EE}"
EndProject
Project("{9A19103F-16F7-4668-BE54-9A1E7A4F7556}") = "Reports.Infrastructure.Data", "src\Reports\Reports.Infrastructure.Data\Reports.Infrastructure.Data.csproj", "{42F01B6F-D532-4DFA-B74D-C647B5201A67}"
EndProject
Project("{9A19103F-16F7-4668-BE54-9A1E7A4F7556}") = "Subscriptions.Infrastructure.Data", "src\Subscriptions\Subscriptions.Infrastructure.Data\Subscriptions.Infrastructure.Data.csproj", "{06865CAA-CB61-4D5A-AD13-8B67153AF720}"
EndProject
Project("{9A19103F-16F7-4668-BE54-9A1E7A4F7556}") = "Users.Infrastructure.Data", "src\Users\Users.Infrastructure.Data\Users.Infrastructure.Data.csproj", "{C04B9F70-4733-498A-B362-ABE5A5FB84A6}"
EndProject
Project("{9A19103F-16F7-4668-BE54-9A1E7A4F7556}") = "Chats.WebApi", "src\Chats\Chats.WebApi\Chats.WebApi.csproj", "{F7A03A8E-56FA-41F3-A450-1BF72B57D44C}"
EndProject
Project("{9A19103F-16F7-4668-BE54-9A1E7A4F7556}") = "Notifications.WebApi", "src\Notifications\Notifications.WebApi\Notifications.WebApi.csproj", "{4AE00856-24DB-4E36-9EA4-AE1E2A6802B2}"
EndProject
Project("{9A19103F-16F7-4668-BE54-9A1E7A4F7556}") = "Users.WebApi", "src\Users\Users.WebApi\Users.WebApi.csproj", "{1BAFABFC-F8E0-4BA4-8BD5-A77D64344D16}"
EndProject
Project("{9A19103F-16F7-4668-BE54-9A1E7A4F7556}") = "Subscriptions.WebApi", "src\Subscriptions\Subscriptions.WebApi\Subscriptions.WebApi.csproj", "{2E02E635-83BE-4E93-9007-59B2FBFBAD79}"
EndProject
Project("{9A19103F-16F7-4668-BE54-9A1E7A4F7556}") = "Reports.WebApi", "src\Reports\Reports.WebApi\Reports.WebApi.csproj", "{2EC5E4CF-45C5-421F-98A8-DE89B7877A32}"
EndProject
Project("{9A19103F-16F7-4668-BE54-9A1E7A4F7556}") = "IdentityServer.Domain", "src\IdentityServer\IdentityServer.Domain\IdentityServer.Domain.csproj", "{A9C8FD24-F0C2-4F27-84FE-676E95DC5486}"
EndProject
Project("{9A19103F-16F7-4668-BE54-9A1E7A4F7556}") = "IdentityServer.WebApi", "src\IdentityServer\IdentityServer.WebApi\IdentityServer.WebApi.csproj", "{E097EFB7-2B2E-413F-ADDD-A56C5AF3F1EE}"
EndProject
Project("{9A19103F-16F7-4668-BE54-9A1E7A4F7556}") = "IdentityServer.Infrastructure.Data", "src\IdentityServer\IdentityServer.Infrastructure.Data\IdentityServer.Infrastructure.Data.csproj", "{E57E1CEB-339E-49C0-94EF-432D6B427E7A}"
EndProject
Project("{9A19103F-16F7-4668-BE54-9A1E7A4F7556}") = "MessageBus", "src\MessageBus\MessageBus.csproj", "{D44BCF24-9643-4BAA-B557-433E9A30D864}"
EndProject
Project("{FAE04EC0-301F-11D3-BF4B-00C04F79EFBC}") = "Posts.WebApi", "src\Posts\Posts.WebApi\Posts.WebApi.csproj", "{840AB6F6-0CB7-4FE9-84E5-4C45F4092E1B}"
EndProject
Global
	GlobalSection(SolutionConfigurationPlatforms) = preSolution
		Debug|Any CPU = Debug|Any CPU
		Release|Any CPU = Release|Any CPU
	EndGlobalSection
	GlobalSection(ProjectConfigurationPlatforms) = postSolution
		{16CE6A79-BD4C-440F-AC9D-57168931C248}.Debug|Any CPU.ActiveCfg = Debug|Any CPU
		{16CE6A79-BD4C-440F-AC9D-57168931C248}.Debug|Any CPU.Build.0 = Debug|Any CPU
		{16CE6A79-BD4C-440F-AC9D-57168931C248}.Release|Any CPU.ActiveCfg = Release|Any CPU
		{16CE6A79-BD4C-440F-AC9D-57168931C248}.Release|Any CPU.Build.0 = Release|Any CPU
		{7E370FA3-C7F1-429D-8FCB-F104F57E67DC}.Debug|Any CPU.ActiveCfg = Debug|Any CPU
		{7E370FA3-C7F1-429D-8FCB-F104F57E67DC}.Debug|Any CPU.Build.0 = Debug|Any CPU
		{7E370FA3-C7F1-429D-8FCB-F104F57E67DC}.Release|Any CPU.ActiveCfg = Release|Any CPU
		{7E370FA3-C7F1-429D-8FCB-F104F57E67DC}.Release|Any CPU.Build.0 = Release|Any CPU
		{A9C5E906-625D-457F-9C82-AA2061E67719}.Debug|Any CPU.ActiveCfg = Debug|Any CPU
		{A9C5E906-625D-457F-9C82-AA2061E67719}.Debug|Any CPU.Build.0 = Debug|Any CPU
		{A9C5E906-625D-457F-9C82-AA2061E67719}.Release|Any CPU.ActiveCfg = Release|Any CPU
		{A9C5E906-625D-457F-9C82-AA2061E67719}.Release|Any CPU.Build.0 = Release|Any CPU
		{637FB1F1-855C-437A-84ED-BCDFF8BB1AAE}.Debug|Any CPU.ActiveCfg = Debug|Any CPU
		{637FB1F1-855C-437A-84ED-BCDFF8BB1AAE}.Debug|Any CPU.Build.0 = Debug|Any CPU
		{637FB1F1-855C-437A-84ED-BCDFF8BB1AAE}.Release|Any CPU.ActiveCfg = Release|Any CPU
		{637FB1F1-855C-437A-84ED-BCDFF8BB1AAE}.Release|Any CPU.Build.0 = Release|Any CPU
		{5A4B952A-D169-459A-BDC8-CAAD17CE5158}.Debug|Any CPU.ActiveCfg = Debug|Any CPU
		{5A4B952A-D169-459A-BDC8-CAAD17CE5158}.Debug|Any CPU.Build.0 = Debug|Any CPU
		{5A4B952A-D169-459A-BDC8-CAAD17CE5158}.Release|Any CPU.ActiveCfg = Release|Any CPU
		{5A4B952A-D169-459A-BDC8-CAAD17CE5158}.Release|Any CPU.Build.0 = Release|Any CPU
		{2FF1F159-FBEE-42C8-B637-D9FFE0C8FCD2}.Debug|Any CPU.ActiveCfg = Debug|Any CPU
		{2FF1F159-FBEE-42C8-B637-D9FFE0C8FCD2}.Debug|Any CPU.Build.0 = Debug|Any CPU
		{2FF1F159-FBEE-42C8-B637-D9FFE0C8FCD2}.Release|Any CPU.ActiveCfg = Release|Any CPU
		{2FF1F159-FBEE-42C8-B637-D9FFE0C8FCD2}.Release|Any CPU.Build.0 = Release|Any CPU
		{F33B545E-078E-4C0F-86C8-862CF4B92E40}.Debug|Any CPU.ActiveCfg = Debug|Any CPU
		{F33B545E-078E-4C0F-86C8-862CF4B92E40}.Debug|Any CPU.Build.0 = Debug|Any CPU
		{F33B545E-078E-4C0F-86C8-862CF4B92E40}.Release|Any CPU.ActiveCfg = Release|Any CPU
		{F33B545E-078E-4C0F-86C8-862CF4B92E40}.Release|Any CPU.Build.0 = Release|Any CPU
		{DD75C34E-C64C-4C46-9566-3E2964945D9B}.Debug|Any CPU.ActiveCfg = Debug|Any CPU
		{DD75C34E-C64C-4C46-9566-3E2964945D9B}.Debug|Any CPU.Build.0 = Debug|Any CPU
		{DD75C34E-C64C-4C46-9566-3E2964945D9B}.Release|Any CPU.ActiveCfg = Release|Any CPU
		{DD75C34E-C64C-4C46-9566-3E2964945D9B}.Release|Any CPU.Build.0 = Release|Any CPU
		{8DEFADDB-A27B-4565-8750-66C62FF943EE}.Debug|Any CPU.ActiveCfg = Debug|Any CPU
		{8DEFADDB-A27B-4565-8750-66C62FF943EE}.Debug|Any CPU.Build.0 = Debug|Any CPU
		{8DEFADDB-A27B-4565-8750-66C62FF943EE}.Release|Any CPU.ActiveCfg = Release|Any CPU
		{8DEFADDB-A27B-4565-8750-66C62FF943EE}.Release|Any CPU.Build.0 = Release|Any CPU
		{42F01B6F-D532-4DFA-B74D-C647B5201A67}.Debug|Any CPU.ActiveCfg = Debug|Any CPU
		{42F01B6F-D532-4DFA-B74D-C647B5201A67}.Debug|Any CPU.Build.0 = Debug|Any CPU
		{42F01B6F-D532-4DFA-B74D-C647B5201A67}.Release|Any CPU.ActiveCfg = Release|Any CPU
		{42F01B6F-D532-4DFA-B74D-C647B5201A67}.Release|Any CPU.Build.0 = Release|Any CPU
		{06865CAA-CB61-4D5A-AD13-8B67153AF720}.Debug|Any CPU.ActiveCfg = Debug|Any CPU
		{06865CAA-CB61-4D5A-AD13-8B67153AF720}.Debug|Any CPU.Build.0 = Debug|Any CPU
		{06865CAA-CB61-4D5A-AD13-8B67153AF720}.Release|Any CPU.ActiveCfg = Release|Any CPU
		{06865CAA-CB61-4D5A-AD13-8B67153AF720}.Release|Any CPU.Build.0 = Release|Any CPU
		{C04B9F70-4733-498A-B362-ABE5A5FB84A6}.Debug|Any CPU.ActiveCfg = Debug|Any CPU
		{C04B9F70-4733-498A-B362-ABE5A5FB84A6}.Debug|Any CPU.Build.0 = Debug|Any CPU
		{C04B9F70-4733-498A-B362-ABE5A5FB84A6}.Release|Any CPU.ActiveCfg = Release|Any CPU
		{C04B9F70-4733-498A-B362-ABE5A5FB84A6}.Release|Any CPU.Build.0 = Release|Any CPU
		{F7A03A8E-56FA-41F3-A450-1BF72B57D44C}.Debug|Any CPU.ActiveCfg = Debug|Any CPU
		{F7A03A8E-56FA-41F3-A450-1BF72B57D44C}.Debug|Any CPU.Build.0 = Debug|Any CPU
		{F7A03A8E-56FA-41F3-A450-1BF72B57D44C}.Release|Any CPU.ActiveCfg = Release|Any CPU
		{F7A03A8E-56FA-41F3-A450-1BF72B57D44C}.Release|Any CPU.Build.0 = Release|Any CPU
		{4AE00856-24DB-4E36-9EA4-AE1E2A6802B2}.Debug|Any CPU.ActiveCfg = Debug|Any CPU
		{4AE00856-24DB-4E36-9EA4-AE1E2A6802B2}.Debug|Any CPU.Build.0 = Debug|Any CPU
		{4AE00856-24DB-4E36-9EA4-AE1E2A6802B2}.Release|Any CPU.ActiveCfg = Release|Any CPU
		{4AE00856-24DB-4E36-9EA4-AE1E2A6802B2}.Release|Any CPU.Build.0 = Release|Any CPU
		{1BAFABFC-F8E0-4BA4-8BD5-A77D64344D16}.Debug|Any CPU.ActiveCfg = Debug|Any CPU
		{1BAFABFC-F8E0-4BA4-8BD5-A77D64344D16}.Debug|Any CPU.Build.0 = Debug|Any CPU
		{1BAFABFC-F8E0-4BA4-8BD5-A77D64344D16}.Release|Any CPU.ActiveCfg = Release|Any CPU
		{1BAFABFC-F8E0-4BA4-8BD5-A77D64344D16}.Release|Any CPU.Build.0 = Release|Any CPU
		{2E02E635-83BE-4E93-9007-59B2FBFBAD79}.Debug|Any CPU.ActiveCfg = Debug|Any CPU
		{2E02E635-83BE-4E93-9007-59B2FBFBAD79}.Debug|Any CPU.Build.0 = Debug|Any CPU
		{2E02E635-83BE-4E93-9007-59B2FBFBAD79}.Release|Any CPU.ActiveCfg = Release|Any CPU
		{2E02E635-83BE-4E93-9007-59B2FBFBAD79}.Release|Any CPU.Build.0 = Release|Any CPU
		{2EC5E4CF-45C5-421F-98A8-DE89B7877A32}.Debug|Any CPU.ActiveCfg = Debug|Any CPU
		{2EC5E4CF-45C5-421F-98A8-DE89B7877A32}.Debug|Any CPU.Build.0 = Debug|Any CPU
		{2EC5E4CF-45C5-421F-98A8-DE89B7877A32}.Release|Any CPU.ActiveCfg = Release|Any CPU
		{2EC5E4CF-45C5-421F-98A8-DE89B7877A32}.Release|Any CPU.Build.0 = Release|Any CPU
		{A9C8FD24-F0C2-4F27-84FE-676E95DC5486}.Debug|Any CPU.ActiveCfg = Debug|Any CPU
		{A9C8FD24-F0C2-4F27-84FE-676E95DC5486}.Debug|Any CPU.Build.0 = Debug|Any CPU
		{A9C8FD24-F0C2-4F27-84FE-676E95DC5486}.Release|Any CPU.ActiveCfg = Release|Any CPU
		{A9C8FD24-F0C2-4F27-84FE-676E95DC5486}.Release|Any CPU.Build.0 = Release|Any CPU
		{E097EFB7-2B2E-413F-ADDD-A56C5AF3F1EE}.Debug|Any CPU.ActiveCfg = Debug|Any CPU
		{E097EFB7-2B2E-413F-ADDD-A56C5AF3F1EE}.Debug|Any CPU.Build.0 = Debug|Any CPU
		{E097EFB7-2B2E-413F-ADDD-A56C5AF3F1EE}.Release|Any CPU.ActiveCfg = Release|Any CPU
		{E097EFB7-2B2E-413F-ADDD-A56C5AF3F1EE}.Release|Any CPU.Build.0 = Release|Any CPU
		{E57E1CEB-339E-49C0-94EF-432D6B427E7A}.Debug|Any CPU.ActiveCfg = Debug|Any CPU
		{E57E1CEB-339E-49C0-94EF-432D6B427E7A}.Debug|Any CPU.Build.0 = Debug|Any CPU
		{E57E1CEB-339E-49C0-94EF-432D6B427E7A}.Release|Any CPU.ActiveCfg = Release|Any CPU
		{E57E1CEB-339E-49C0-94EF-432D6B427E7A}.Release|Any CPU.Build.0 = Release|Any CPU
		{D44BCF24-9643-4BAA-B557-433E9A30D864}.Debug|Any CPU.ActiveCfg = Debug|Any CPU
		{D44BCF24-9643-4BAA-B557-433E9A30D864}.Debug|Any CPU.Build.0 = Debug|Any CPU
		{D44BCF24-9643-4BAA-B557-433E9A30D864}.Release|Any CPU.ActiveCfg = Release|Any CPU
		{D44BCF24-9643-4BAA-B557-433E9A30D864}.Release|Any CPU.Build.0 = Release|Any CPU
		{840AB6F6-0CB7-4FE9-84E5-4C45F4092E1B}.Debug|Any CPU.ActiveCfg = Debug|Any CPU
		{840AB6F6-0CB7-4FE9-84E5-4C45F4092E1B}.Debug|Any CPU.Build.0 = Debug|Any CPU
		{840AB6F6-0CB7-4FE9-84E5-4C45F4092E1B}.Release|Any CPU.ActiveCfg = Release|Any CPU
		{840AB6F6-0CB7-4FE9-84E5-4C45F4092E1B}.Release|Any CPU.Build.0 = Release|Any CPU
	EndGlobalSection
	GlobalSection(SolutionProperties) = preSolution
		HideSolutionNode = FALSE
	EndGlobalSection
	GlobalSection(NestedProjects) = preSolution
		{16CE6A79-BD4C-440F-AC9D-57168931C248} = {267E3341-7F75-4349-8A4B-BDF7010C3E4A}
		{7E370FA3-C7F1-429D-8FCB-F104F57E67DC} = {0A323412-6B77-4DBE-B581-ABE834A4B737}
		{A9C5E906-625D-457F-9C82-AA2061E67719} = {8FC79C3F-A343-46EB-BE78-D3F46910BAAB}
		{637FB1F1-855C-437A-84ED-BCDFF8BB1AAE} = {D529CE27-DF41-4CF7-BAB9-714C84C60A10}
		{5A4B952A-D169-459A-BDC8-CAAD17CE5158} = {3596977D-C21B-470A-9424-F3CF9070242A}
		{2FF1F159-FBEE-42C8-B637-D9FFE0C8FCD2} = {5EE36B88-A016-474B-A543-EBD4CA942463}
		{F33B545E-078E-4C0F-86C8-862CF4B92E40} = {D529CE27-DF41-4CF7-BAB9-714C84C60A10}
		{DD75C34E-C64C-4C46-9566-3E2964945D9B} = {5EE36B88-A016-474B-A543-EBD4CA942463}
		{8DEFADDB-A27B-4565-8750-66C62FF943EE} = {8FC79C3F-A343-46EB-BE78-D3F46910BAAB}
		{42F01B6F-D532-4DFA-B74D-C647B5201A67} = {3596977D-C21B-470A-9424-F3CF9070242A}
		{06865CAA-CB61-4D5A-AD13-8B67153AF720} = {0A323412-6B77-4DBE-B581-ABE834A4B737}
		{C04B9F70-4733-498A-B362-ABE5A5FB84A6} = {267E3341-7F75-4349-8A4B-BDF7010C3E4A}
		{F7A03A8E-56FA-41F3-A450-1BF72B57D44C} = {D529CE27-DF41-4CF7-BAB9-714C84C60A10}
		{4AE00856-24DB-4E36-9EA4-AE1E2A6802B2} = {5EE36B88-A016-474B-A543-EBD4CA942463}
		{1BAFABFC-F8E0-4BA4-8BD5-A77D64344D16} = {267E3341-7F75-4349-8A4B-BDF7010C3E4A}
		{2E02E635-83BE-4E93-9007-59B2FBFBAD79} = {0A323412-6B77-4DBE-B581-ABE834A4B737}
		{2EC5E4CF-45C5-421F-98A8-DE89B7877A32} = {3596977D-C21B-470A-9424-F3CF9070242A}
		{A9C8FD24-F0C2-4F27-84FE-676E95DC5486} = {7D3F0D7F-5569-4077-A3E2-5A1EE1904AB1}
		{E097EFB7-2B2E-413F-ADDD-A56C5AF3F1EE} = {7D3F0D7F-5569-4077-A3E2-5A1EE1904AB1}
		{E57E1CEB-339E-49C0-94EF-432D6B427E7A} = {7D3F0D7F-5569-4077-A3E2-5A1EE1904AB1}
		{840AB6F6-0CB7-4FE9-84E5-4C45F4092E1B} = {8FC79C3F-A343-46EB-BE78-D3F46910BAAB}
	EndGlobalSection
	GlobalSection(ExtensibilityGlobals) = postSolution
		SolutionGuid = {A775B561-5329-4CEF-B559-B2200B8A3A2F}
	EndGlobalSection
EndGlobal
